
Microsoft Visual Studio Solution File, Format Version 12.00
# Visual Studio Version 17
VisualStudioVersion = 17.9.34728.123
MinimumVisualStudioVersion = 10.0.40219.1
Project("{FAE04EC0-301F-11D3-BF4B-00C04F79EFBC}") = "NotificationChannelParser", "NotificationChannelParser\NotificationChannelParser.csproj", "{7FF82E25-7F1D-4B27-983F-180ABC179B5B}"
EndProject
Project("{FAE04EC0-301F-11D3-BF4B-00C04F79EFBC}") = "NotificationChannelParser.Tests", "NotificationChannelParser.Tests\NotificationChannelParser.Tests.csproj", "{2AEC6CC7-B995-4A80-BB49-18631A66A7E2}"
EndProject
Global
	GlobalSection(SolutionConfigurationPlatforms) = preSolution
		Debug|Any CPU = Debug|Any CPU
		Release|Any CPU = Release|Any CPU
	EndGlobalSection
	GlobalSection(ProjectConfigurationPlatforms) = postSolution
		{7FF82E25-7F1D-4B27-983F-180ABC179B5B}.Debug|Any CPU.ActiveCfg = Debug|Any CPU
		{7FF82E25-7F1D-4B27-983F-180ABC179B5B}.Debug|Any CPU.Build.0 = Debug|Any CPU
		{7FF82E25-7F1D-4B27-983F-180ABC179B5B}.Release|Any CPU.ActiveCfg = Release|Any CPU
		{7FF82E25-7F1D-4B27-983F-180ABC179B5B}.Release|Any CPU.Build.0 = Release|Any CPU
		{2AEC6CC7-B995-4A80-BB49-18631A66A7E2}.Debug|Any CPU.ActiveCfg = Debug|Any CPU
		{2AEC6CC7-B995-4A80-BB49-18631A66A7E2}.Debug|Any CPU.Build.0 = Debug|Any CPU
		{2AEC6CC7-B995-4A80-BB49-18631A66A7E2}.Release|Any CPU.ActiveCfg = Release|Any CPU
		{2AEC6CC7-B995-4A80-BB49-18631A66A7E2}.Release|Any CPU.Build.0 = Release|Any CPU
	EndGlobalSection
	GlobalSection(SolutionProperties) = preSolution
		HideSolutionNode = FALSE
	EndGlobalSection
	GlobalSection(ExtensibilityGlobals) = postSolution
		SolutionGuid = {B2F9E678-60B9-47A5-BB5F-25E3C177ECE1}
	EndGlobalSection
EndGlobal
